{
  "name": "gcaltab",
  "version": "1.1.0",
  "lockfileVersion": 1,
  "requires": true,
  "dependencies": {
    "darkreader": {
      "version": "4.9.17",
      "resolved": "https://registry.npmjs.org/darkreader/-/darkreader-4.9.17.tgz",
      "integrity": "sha512-hOTlh2GCzKKZWnzyCdbVAiKYwrjhvIgkFLXfsFLpQyZQWaTwNvBIeTQfTtk9nfpof7/phCmFd1XSWuvoBy+W+g=="
    },
    "spectre.css": {
      "version": "0.5.9",
      "resolved": "https://registry.npmjs.org/spectre.css/-/spectre.css-0.5.9.tgz",
      "integrity": "sha512-9jUqwZmCnvflrxFGcK+ize43TvjwDjqMwZPVubEtSIHzvinH0TBUESm1LcOJx3Ur7bdPaeOHQIjOqBl1Y5kLFw=="
    }
  }
}
